
Microsoft Visual Studio Solution File, Format Version 12.00
# Visual Studio Version 17
VisualStudioVersion = 17.10.34928.147
MinimumVisualStudioVersion = 10.0.40219.1
Project("{FAE04EC0-301F-11D3-BF4B-00C04F79EFBC}") = "SpWinFormsAutoRalliApp", "SpWinFormsAutoRalliApp\SpWinFormsAutoRalliApp.csproj", "{EC132E20-C149-4037-8770-DEE42C233BA4}"
EndProject
Global
	GlobalSection(SolutionConfigurationPlatforms) = preSolution
		Debug|Any CPU = Debug|Any CPU
		Release|Any CPU = Release|Any CPU
	EndGlobalSection
	GlobalSection(ProjectConfigurationPlatforms) = postSolution
		{EC132E20-C149-4037-8770-DEE42C233BA4}.Debug|Any CPU.ActiveCfg = Debug|Any CPU
		{EC132E20-C149-4037-8770-DEE42C233BA4}.Debug|Any CPU.Build.0 = Debug|Any CPU
		{EC132E20-C149-4037-8770-DEE42C233BA4}.Release|Any CPU.ActiveCfg = Release|Any CPU
		{EC132E20-C149-4037-8770-DEE42C233BA4}.Release|Any CPU.Build.0 = Release|Any CPU
	EndGlobalSection
	GlobalSection(SolutionProperties) = preSolution
		HideSolutionNode = FALSE
	EndGlobalSection
	GlobalSection(ExtensibilityGlobals) = postSolution
		SolutionGuid = {79EAF00A-66FE-46E9-95B4-50EDE20DC3A3}
	EndGlobalSection
EndGlobal
